
Microsoft Visual Studio Solution File, Format Version 12.00
# Visual Studio Version 17
VisualStudioVersion = 17.3.32929.385
MinimumVisualStudioVersion = 10.0.40219.1
Project("{9A19103F-16F7-4668-BE54-9A1E7A4F7556}") = "01_IntroToWF", "01_IntroToWF\01_IntroToWF.csproj", "{916C2EE1-AC27-4373-97A9-8E52E4B3CDBB}"
EndProject
Project("{9A19103F-16F7-4668-BE54-9A1E7A4F7556}") = "02_RunningButton", "02_RunningButton\02_RunningButton.csproj", "{E88CB57A-BCFD-44BF-A026-24ED78D6FFAD}"
EndProject
Project("{9A19103F-16F7-4668-BE54-9A1E7A4F7556}") = "03_BaseControls", "03_BaseControls\03_BaseControls.csproj", "{3A11F2E8-54B5-4060-B4EB-CB6C6642546A}"
EndProject
Project("{9A19103F-16F7-4668-BE54-9A1E7A4F7556}") = "04_Controls", "04_Controls\04_Controls.csproj", "{61B18A12-9404-4EA0-A455-52883F4FFD80}"
EndProject
Project("{9A19103F-16F7-4668-BE54-9A1E7A4F7556}") = "05_ProgressBarTrackBar", "05_ProgressBarTrackBar\05_ProgressBarTrackBar.csproj", "{D9D09675-0DC5-490F-8C63-C73700D333F0}"
EndProject
Project("{9A19103F-16F7-4668-BE54-9A1E7A4F7556}") = "06_ComboBox", "06_ComboBox\06_ComboBox.csproj", "{EBB3A0E4-4BA6-4C57-9D59-89E9889F3E92}"
EndProject
Project("{9A19103F-16F7-4668-BE54-9A1E7A4F7556}") = "07_ListBox", "07_ListBox\07_ListBox.csproj", "{11D1BE87-D957-4459-A1D6-00322178348E}"
EndProject
Project("{9A19103F-16F7-4668-BE54-9A1E7A4F7556}") = "08_AdditionalsForm", "08_AdditionalsForm\08_AdditionalsForm.csproj", "{1082BF15-4397-451B-80C6-BE934CD6E700}"
EndProject
Project("{9A19103F-16F7-4668-BE54-9A1E7A4F7556}") = "09_Dialogs", "09_Dialogs\09_Dialogs.csproj", "{6E438920-1A15-4FD7-9572-3FBC5544EC02}"
EndProject
Project("{9A19103F-16F7-4668-BE54-9A1E7A4F7556}") = "10_RichTextBox", "10_RichTextBox\10_RichTextBox.csproj", "{6F37A44B-3981-48AE-86E1-9DF319A447BA}"
EndProject
Project("{9A19103F-16F7-4668-BE54-9A1E7A4F7556}") = "11_TreeViewListView", "11_TreeViewListView\11_TreeViewListView.csproj", "{FB5D5212-DE37-40FD-9901-8A8E47FB3668}"
EndProject
Project("{9A19103F-16F7-4668-BE54-9A1E7A4F7556}") = "12_TabControl", "12_TabControl\12_TabControl.csproj", "{D215364D-56A7-4393-B62D-67DBFEDE14E8}"
EndProject
Project("{9A19103F-16F7-4668-BE54-9A1E7A4F7556}") = "13_DragDrop", "13_DragDrop\13_DragDrop.csproj", "{1E86CA56-19B3-42D5-8BD6-AEBE1E65E169}"
EndProject
Project("{9A19103F-16F7-4668-BE54-9A1E7A4F7556}") = "14_GraphicsGDI", "14_GraphicsGDI\14_GraphicsGDI.csproj", "{AB4BA51D-0ED7-4CDF-BF27-390AE24BFE15}"
EndProject
Project("{FAE04EC0-301F-11D3-BF4B-00C04F79EFBC}") = "15_Paint", "15_Paint\15_Paint.csproj", "{7ED0939C-0B53-4E81-B32C-13BAF17B494F}"
EndProject
Global
	GlobalSection(SolutionConfigurationPlatforms) = preSolution
		Debug|Any CPU = Debug|Any CPU
		Release|Any CPU = Release|Any CPU
	EndGlobalSection
	GlobalSection(ProjectConfigurationPlatforms) = postSolution
		{916C2EE1-AC27-4373-97A9-8E52E4B3CDBB}.Debug|Any CPU.ActiveCfg = Debug|Any CPU
		{916C2EE1-AC27-4373-97A9-8E52E4B3CDBB}.Debug|Any CPU.Build.0 = Debug|Any CPU
		{916C2EE1-AC27-4373-97A9-8E52E4B3CDBB}.Release|Any CPU.ActiveCfg = Release|Any CPU
		{916C2EE1-AC27-4373-97A9-8E52E4B3CDBB}.Release|Any CPU.Build.0 = Release|Any CPU
		{E88CB57A-BCFD-44BF-A026-24ED78D6FFAD}.Debug|Any CPU.ActiveCfg = Debug|Any CPU
		{E88CB57A-BCFD-44BF-A026-24ED78D6FFAD}.Debug|Any CPU.Build.0 = Debug|Any CPU
		{E88CB57A-BCFD-44BF-A026-24ED78D6FFAD}.Release|Any CPU.ActiveCfg = Release|Any CPU
		{E88CB57A-BCFD-44BF-A026-24ED78D6FFAD}.Release|Any CPU.Build.0 = Release|Any CPU
		{3A11F2E8-54B5-4060-B4EB-CB6C6642546A}.Debug|Any CPU.ActiveCfg = Debug|Any CPU
		{3A11F2E8-54B5-4060-B4EB-CB6C6642546A}.Debug|Any CPU.Build.0 = Debug|Any CPU
		{3A11F2E8-54B5-4060-B4EB-CB6C6642546A}.Release|Any CPU.ActiveCfg = Release|Any CPU
		{3A11F2E8-54B5-4060-B4EB-CB6C6642546A}.Release|Any CPU.Build.0 = Release|Any CPU
		{61B18A12-9404-4EA0-A455-52883F4FFD80}.Debug|Any CPU.ActiveCfg = Debug|Any CPU
		{61B18A12-9404-4EA0-A455-52883F4FFD80}.Debug|Any CPU.Build.0 = Debug|Any CPU
		{61B18A12-9404-4EA0-A455-52883F4FFD80}.Release|Any CPU.ActiveCfg = Release|Any CPU
		{61B18A12-9404-4EA0-A455-52883F4FFD80}.Release|Any CPU.Build.0 = Release|Any CPU
		{D9D09675-0DC5-490F-8C63-C73700D333F0}.Debug|Any CPU.ActiveCfg = Debug|Any CPU
		{D9D09675-0DC5-490F-8C63-C73700D333F0}.Debug|Any CPU.Build.0 = Debug|Any CPU
		{D9D09675-0DC5-490F-8C63-C73700D333F0}.Release|Any CPU.ActiveCfg = Release|Any CPU
		{D9D09675-0DC5-490F-8C63-C73700D333F0}.Release|Any CPU.Build.0 = Release|Any CPU
		{EBB3A0E4-4BA6-4C57-9D59-89E9889F3E92}.Debug|Any CPU.ActiveCfg = Debug|Any CPU
		{EBB3A0E4-4BA6-4C57-9D59-89E9889F3E92}.Debug|Any CPU.Build.0 = Debug|Any CPU
		{EBB3A0E4-4BA6-4C57-9D59-89E9889F3E92}.Release|Any CPU.ActiveCfg = Release|Any CPU
		{EBB3A0E4-4BA6-4C57-9D59-89E9889F3E92}.Release|Any CPU.Build.0 = Release|Any CPU
		{11D1BE87-D957-4459-A1D6-00322178348E}.Debug|Any CPU.ActiveCfg = Debug|Any CPU
		{11D1BE87-D957-4459-A1D6-00322178348E}.Debug|Any CPU.Build.0 = Debug|Any CPU
		{11D1BE87-D957-4459-A1D6-00322178348E}.Release|Any CPU.ActiveCfg = Release|Any CPU
		{11D1BE87-D957-4459-A1D6-00322178348E}.Release|Any CPU.Build.0 = Release|Any CPU
		{1082BF15-4397-451B-80C6-BE934CD6E700}.Debug|Any CPU.ActiveCfg = Debug|Any CPU
		{1082BF15-4397-451B-80C6-BE934CD6E700}.Debug|Any CPU.Build.0 = Debug|Any CPU
		{1082BF15-4397-451B-80C6-BE934CD6E700}.Release|Any CPU.ActiveCfg = Release|Any CPU
		{1082BF15-4397-451B-80C6-BE934CD6E700}.Release|Any CPU.Build.0 = Release|Any CPU
		{6E438920-1A15-4FD7-9572-3FBC5544EC02}.Debug|Any CPU.ActiveCfg = Debug|Any CPU
		{6E438920-1A15-4FD7-9572-3FBC5544EC02}.Debug|Any CPU.Build.0 = Debug|Any CPU
		{6E438920-1A15-4FD7-9572-3FBC5544EC02}.Release|Any CPU.ActiveCfg = Release|Any CPU
		{6E438920-1A15-4FD7-9572-3FBC5544EC02}.Release|Any CPU.Build.0 = Release|Any CPU
		{6F37A44B-3981-48AE-86E1-9DF319A447BA}.Debug|Any CPU.ActiveCfg = Debug|Any CPU
		{6F37A44B-3981-48AE-86E1-9DF319A447BA}.Debug|Any CPU.Build.0 = Debug|Any CPU
		{6F37A44B-3981-48AE-86E1-9DF319A447BA}.Release|Any CPU.ActiveCfg = Release|Any CPU
		{6F37A44B-3981-48AE-86E1-9DF319A447BA}.Release|Any CPU.Build.0 = Release|Any CPU
		{FB5D5212-DE37-40FD-9901-8A8E47FB3668}.Debug|Any CPU.ActiveCfg = Debug|Any CPU
		{FB5D5212-DE37-40FD-9901-8A8E47FB3668}.Debug|Any CPU.Build.0 = Debug|Any CPU
		{FB5D5212-DE37-40FD-9901-8A8E47FB3668}.Release|Any CPU.ActiveCfg = Release|Any CPU
		{FB5D5212-DE37-40FD-9901-8A8E47FB3668}.Release|Any CPU.Build.0 = Release|Any CPU
		{D215364D-56A7-4393-B62D-67DBFEDE14E8}.Debug|Any CPU.ActiveCfg = Debug|Any CPU
		{D215364D-56A7-4393-B62D-67DBFEDE14E8}.Debug|Any CPU.Build.0 = Debug|Any CPU
		{D215364D-56A7-4393-B62D-67DBFEDE14E8}.Release|Any CPU.ActiveCfg = Release|Any CPU
		{D215364D-56A7-4393-B62D-67DBFEDE14E8}.Release|Any CPU.Build.0 = Release|Any CPU
		{1E86CA56-19B3-42D5-8BD6-AEBE1E65E169}.Debug|Any CPU.ActiveCfg = Debug|Any CPU
		{1E86CA56-19B3-42D5-8BD6-AEBE1E65E169}.Debug|Any CPU.Build.0 = Debug|Any CPU
		{1E86CA56-19B3-42D5-8BD6-AEBE1E65E169}.Release|Any CPU.ActiveCfg = Release|Any CPU
		{1E86CA56-19B3-42D5-8BD6-AEBE1E65E169}.Release|Any CPU.Build.0 = Release|Any CPU
		{AB4BA51D-0ED7-4CDF-BF27-390AE24BFE15}.Debug|Any CPU.ActiveCfg = Debug|Any CPU
		{AB4BA51D-0ED7-4CDF-BF27-390AE24BFE15}.Debug|Any CPU.Build.0 = Debug|Any CPU
		{AB4BA51D-0ED7-4CDF-BF27-390AE24BFE15}.Release|Any CPU.ActiveCfg = Release|Any CPU
		{AB4BA51D-0ED7-4CDF-BF27-390AE24BFE15}.Release|Any CPU.Build.0 = Release|Any CPU
		{7ED0939C-0B53-4E81-B32C-13BAF17B494F}.Debug|Any CPU.ActiveCfg = Debug|Any CPU
		{7ED0939C-0B53-4E81-B32C-13BAF17B494F}.Debug|Any CPU.Build.0 = Debug|Any CPU
		{7ED0939C-0B53-4E81-B32C-13BAF17B494F}.Release|Any CPU.ActiveCfg = Release|Any CPU
		{7ED0939C-0B53-4E81-B32C-13BAF17B494F}.Release|Any CPU.Build.0 = Release|Any CPU
	EndGlobalSection
	GlobalSection(SolutionProperties) = preSolution
		HideSolutionNode = FALSE
	EndGlobalSection
	GlobalSection(ExtensibilityGlobals) = postSolution
		SolutionGuid = {BAEF0B80-05C0-43A5-B1D1-EC83515824FD}
	EndGlobalSection
EndGlobal
